
Microsoft Visual Studio Solution File, Format Version 12.00
# Visual Studio Version 17
VisualStudioVersion = 17.14.36301.6 d17.14
MinimumVisualStudioVersion = 10.0.40219.1
Project("{FAE04EC0-301F-11D3-BF4B-00C04F79EFBC}") = "UserControlStyles", "UserControlStyles\UserControlStyles.csproj", "{57E99668-BB1A-4D87-8B4C-9D0BAE87E1F5}"
EndProject
Global
	GlobalSection(SolutionConfigurationPlatforms) = preSolution
		Debug|Any CPU = Debug|Any CPU
		Release|Any CPU = Release|Any CPU
	EndGlobalSection
	GlobalSection(ProjectConfigurationPlatforms) = postSolution
		{57E99668-BB1A-4D87-8B4C-9D0BAE87E1F5}.Debug|Any CPU.ActiveCfg = Debug|Any CPU
		{57E99668-BB1A-4D87-8B4C-9D0BAE87E1F5}.Debug|Any CPU.Build.0 = Debug|Any CPU
		{57E99668-BB1A-4D87-8B4C-9D0BAE87E1F5}.Release|Any CPU.ActiveCfg = Release|Any CPU
		{57E99668-BB1A-4D87-8B4C-9D0BAE87E1F5}.Release|Any CPU.Build.0 = Release|Any CPU
	EndGlobalSection
	GlobalSection(SolutionProperties) = preSolution
		HideSolutionNode = FALSE
	EndGlobalSection
	GlobalSection(ExtensibilityGlobals) = postSolution
		SolutionGuid = {5C6E3B0A-4F31-4042-A584-E46C1B5EFA0F}
	EndGlobalSection
EndGlobal
